# THIS IS AN AUTOGENERATED FILE. DO NOT EDIT THIS FILE DIRECTLY.
# yarn lockfile v1


"@badgateway/oauth2-client@^2.4.1":
  version "2.4.1"
  resolved "https://registry.yarnpkg.com/@badgateway/oauth2-client/-/oauth2-client-2.4.1.tgz#31714aec98d48cd7d401211f2d0f328cd55fbe9f"
  integrity sha512-s4W4WqJI1c3Xehr+szVtv/v+yLGwKaDG1Kz+3Fih3Y5nUlgJfnv7va72peERMEg6KDUGpK4Ksx8toqjN9ej80A==
